version = 1
revision = 3
requires-python = ">=3.13"

[[package]]
name = "gui-optical-parameter-extraction-v4"
version = "0.1.0"
source = { virtual = "." }
dependencies = [
    { name = "pyqt6" },
]

[package.metadata]
requires-dist = [{ name = "pyqt6" }]

[[package]]
name = "pyqt6"
version = "6.10.0"
source = { registry = "https://pypi.org/simple" }
dependencies = [
    { name = "pyqt6-qt6" },
    { name = "pyqt6-sip" },
]
sdist = { url = "https://files.pythonhosted.org/packages/f2/57/48985490c01584e00b70040ec0eb02dfe950471097201acb1b65deb633e5/pyqt6-6.10.0.tar.gz", hash = "sha256:710ecfd720d9a03b2c684881ae37f528e11d17e8f1bf96431d00a6a73f308e36", size = 1079921, upload-time = "2025-10-22T12:04:05.717Z" }
wheels = [
    { url = "https://files.pythonhosted.org/packages/f8/99/ca0386e84e39e4f2ef30322f1d39d515f2a3efbc542cccb33e65a1cf7c46/pyqt6-6.10.0-1-cp39-abi3-manylinux_2_34_x86_64.whl", hash = "sha256:54b6b022369e4e6ade8cf79c0f988558839df7b2c285f814b4567d15a0fcb756", size = 37745881, upload-time = "2025-10-24T18:33:56.106Z" },
    { url = "https://files.pythonhosted.org/packages/66/48/be73fb730c6f617f456ab73150db384b17a7a08394d7e2ded55f42de8a7b/pyqt6-6.10.0-cp39-abi3-macosx_10_14_universal2.whl", hash = "sha256:0eb82f152a83a8ae39f7d3ba580829ff7c0e8179d19d70f396853c10c8ddc5ac", size = 59987475, upload-time = "2025-10-22T12:03:47.661Z" },
    { url = "https://files.pythonhosted.org/packages/00/31/e55f7b718df92423b5af3f0fe11e770e56d7576c03adc6b6866b0e8beb46/pyqt6-6.10.0-cp39-abi3-manylinux_2_34_x86_64.whl", hash = "sha256:43e94a0ad4713055b47b4676d23432349845729912e4f3d20ac95935931c5e6f", size = 39028922, upload-time = "2025-10-22T12:03:51.916Z" },
    { url = "https://files.pythonhosted.org/packages/cf/3d/48465697f530addaeaf41f4d5b3e54108ebabd18ab6da19823de5099e807/pyqt6-6.10.0-cp39-abi3-manylinux_2_39_aarch64.whl", hash = "sha256:357da0f1465557dde249a31bc1f152320b7628a644e1d55d2db09b635394f39f", size = 40619932, upload-time = "2025-10-22T12:03:56.115Z" },
    { url = "https://files.pythonhosted.org/packages/fb/e4/0c4745cd0b31c17bd85d5da697404679f4faa6424aa7b57112277c1e8027/pyqt6-6.10.0-cp39-abi3-win_amd64.whl", hash = "sha256:8b5e4ea573733017a76bd12ea1b53351fd7f6dc57f8abf4329c4a41fea6dde04", size = 25816996, upload-time = "2025-10-22T12:04:00.085Z" },
    { url = "https://files.pythonhosted.org/packages/b0/40/0891706e69c60267b6933465fa299138bafa72324d6855c6962ca05a5f9f/pyqt6-6.10.0-cp39-abi3-win_arm64.whl", hash = "sha256:c2b5fc1a028e95b096f3a5966611cc8194e8e9e69984c41477417e18b5ce1362", size = 25663908, upload-time = "2025-10-22T12:04:03.593Z" },
]

[[package]]
name = "pyqt6-qt6"
version = "6.10.0"
source = { registry = "https://pypi.org/simple" }
wheels = [
    { url = "https://files.pythonhosted.org/packages/c3/b2/309ba75490d614530f10a5b922555374098706364ec1cc411f98068beb4d/pyqt6_qt6-6.10.0-py3-none-macosx_10_14_x86_64.whl", hash = "sha256:9b48d9eba795a78d21393b1909e7a0406512038ea4667463e4882e284bf95817", size = 68426539, upload-time = "2025-10-22T11:37:22.689Z" },
    { url = "https://files.pythonhosted.org/packages/25/20/1de54c91f6f34be6042bdb6913c71e253a6bddf002d8aa78cb1acc67f5a8/pyqt6_qt6-6.10.0-py3-none-macosx_11_0_arm64.whl", hash = "sha256:768ced73dbb2c85e6d72ea63fd7409ba934d4b24580ef073a3eb16fd88d3fe70", size = 62509741, upload-time = "2025-10-22T11:37:27.652Z" },
    { url = "https://files.pythonhosted.org/packages/c1/32/1d84ab75795b0984935e32d2a51200b94328a45954c28360a97d02f1c376/pyqt6_qt6-6.10.0-py3-none-manylinux_2_34_x86_64.whl", hash = "sha256:cd38b281bb7229b8114f13126aacd77f831a97105fdb1d900260a48ead8c9fcd", size = 83787113, upload-time = "2025-10-22T11:37:32.921Z" },
    { url = "https://files.pythonhosted.org/packages/d9/56/e8daedfb0e4a79e19500b6271958b915389360b39a3e2847961828d2e0b3/pyqt6_qt6-6.10.0-py3-none-manylinux_2_39_aarch64.whl", hash = "sha256:497df665091451ab7fde3355e262b243d2a2d97924b899a5cbb193a0cc573b7e", size = 82848172, upload-time = "2025-10-22T11:37:38.367Z" },
    { url = "https://files.pythonhosted.org/packages/0b/82/bbbee33205574f57b17c25059c6b8726a129961b55a1fe34f9216b4b0a70/pyqt6_qt6-6.10.0-py3-none-win_amd64.whl", hash = "sha256:d11bc03908cacbd2e3426289ad51dcf6d2896af6ffec595626ce9cf9b93e770d", size = 76322424, upload-time = "2025-10-22T11:37:43.865Z" },
    { url = "https://files.pythonhosted.org/packages/f2/b7/fb3172c8e85fdcdc942600dbec3d7ebd8d5224159cd4f32ced6cc43949cc/pyqt6_qt6-6.10.0-py3-none-win_arm64.whl", hash = "sha256:7f3ae89337e905dba436c226027ebd8777d4cdeef386131ad9a1b0a53ecc1a81", size = 56552467, upload-time = "2025-10-22T11:37:48.444Z" },
]

[[package]]
name = "pyqt6-sip"
version = "13.10.2"
source = { registry = "https://pypi.org/simple" }
sdist = { url = "https://files.pythonhosted.org/packages/2f/4a/96daf6c2e4f689faae9bd8cebb52754e76522c58a6af9b5ec86a2e8ec8b4/pyqt6_sip-13.10.2.tar.gz", hash = "sha256:464ad156bf526500ce6bd05cac7a82280af6309974d816739b4a9a627156fafe", size = 92548, upload-time = "2025-05-23T12:26:49.901Z" }
wheels = [
    { url = "https://files.pythonhosted.org/packages/a1/1e/979ea64c98ca26979d8ce11e9a36579e17d22a71f51d7366d6eec3c82c13/pyqt6_sip-13.10.2-cp313-cp313-macosx_10_13_universal2.whl", hash = "sha256:8b5d06a0eac36038fa8734657d99b5fe92263ae7a0cd0a67be6acfe220a063e1", size = 112227, upload-time = "2025-05-23T12:26:38.758Z" },
    { url = "https://files.pythonhosted.org/packages/d9/21/84c230048e3bfef4a9209d16e56dcd2ae10590d03a31556ae8b5f1dcc724/pyqt6_sip-13.10.2-cp313-cp313-manylinux_2_17_aarch64.manylinux2014_aarch64.whl", hash = "sha256:ad376a6078da37b049fdf9d6637d71b52727e65c4496a80b753ddc8d27526aca", size = 322920, upload-time = "2025-05-23T12:26:39.856Z" },
    { url = "https://files.pythonhosted.org/packages/b0/1e/c6a28a142f14e735088534cc92951c3f48cccd77cdd4f3b10d7996be420f/pyqt6_sip-13.10.2-cp313-cp313-manylinux_2_5_x86_64.manylinux1_x86_64.whl", hash = "sha256:3dde8024d055f496eba7d44061c5a1ba4eb72fc95e5a9d7a0dbc908317e0888b", size = 303833, upload-time = "2025-05-23T12:26:41.075Z" },
    { url = "https://files.pythonhosted.org/packages/89/63/e5adf350c1c3123d4865c013f164c5265512fa79f09ad464fb2fdf9f9e61/pyqt6_sip-13.10.2-cp313-cp313-win_amd64.whl", hash = "sha256:0b097eb58b4df936c4a2a88a2f367c8bb5c20ff049a45a7917ad75d698e3b277", size = 53527, upload-time = "2025-05-23T12:26:42.625Z" },
    { url = "https://files.pythonhosted.org/packages/58/74/2df4195306d050fbf4963fb5636108a66e5afa6dc05fd9e81e51ec96c384/pyqt6_sip-13.10.2-cp313-cp313-win_arm64.whl", hash = "sha256:cc6a1dfdf324efaac6e7b890a608385205e652845c62130de919fd73a6326244", size = 45373, upload-time = "2025-05-23T12:26:43.536Z" },
    { url = "https://files.pythonhosted.org/packages/23/57/74b4eb7a51b9133958daa8409b55de95e44feb694d4e2e3eba81a070ca20/pyqt6_sip-13.10.2-cp314-cp314-macosx_10_15_universal2.whl", hash = "sha256:8a76a06a8e5c5b1f17a3f6f3c834ca324877e07b960b18b8b9bbfd9c536ec658", size = 112354, upload-time = "2025-10-08T08:44:00.22Z" },
    { url = "https://files.pythonhosted.org/packages/f2/cb/fdef02e0d6ee8443a9683a43650d61c6474b634b6ae6e1c6f097da6310bf/pyqt6_sip-13.10.2-cp314-cp314-manylinux_2_17_aarch64.manylinux2014_aarch64.whl", hash = "sha256:9128d770a611200529468397d710bc972f1dcfe12bfcbb09a3ccddcd4d54fa5b", size = 323488, upload-time = "2025-10-08T08:44:01.965Z" },
    { url = "https://files.pythonhosted.org/packages/8c/5b/8ede8d6234c3ea884cbd097d7d47ff9910fb114efe041af62b4453acd23b/pyqt6_sip-13.10.2-cp314-cp314-manylinux_2_5_x86_64.manylinux1_x86_64.whl", hash = "sha256:d820a0fae7315932c08f27dc0a7e33e0f50fe351001601a8eb9cf6f22b04562e", size = 303881, upload-time = "2025-10-08T08:44:04.086Z" },
    { url = "https://files.pythonhosted.org/packages/be/44/b5e78b072d1594643b0f1ff348f2bf54d4adb5a3f9b9f0989c54e33238d6/pyqt6_sip-13.10.2-cp314-cp314-win_amd64.whl", hash = "sha256:3213bb6e102d3842a3bb7e59d5f6e55f176c80880ff0b39d0dac0cfe58313fb3", size = 55098, upload-time = "2025-10-08T08:44:08.943Z" },
    { url = "https://files.pythonhosted.org/packages/e2/91/357e9fcef5d830c3d50503d35e0357818aca3540f78748cc214dfa015d00/pyqt6_sip-13.10.2-cp314-cp314-win_arm64.whl", hash = "sha256:ce33ff1f94960ad4b08035e39fa0c3c9a67070bec39ffe3e435c792721504726", size = 46088, upload-time = "2025-10-08T08:44:10.014Z" },
]
